
Microsoft Visual Studio Solution File, Format Version 12.00
# Visual Studio Version 17
VisualStudioVersion = 17.6.33829.357
MinimumVisualStudioVersion = 10.0.40219.1
Project("{FAE04EC0-301F-11D3-BF4B-00C04F79EFBC}") = "LinkShortener", "LinkShortener\LinkShortener.csproj", "{ED487E41-D801-4385-AAC7-71BB1408F45F}"
EndProject
Global
	GlobalSection(SolutionConfigurationPlatforms) = preSolution
		Debug|Any CPU = Debug|Any CPU
		Release|Any CPU = Release|Any CPU
	EndGlobalSection
	GlobalSection(ProjectConfigurationPlatforms) = postSolution
		{ED487E41-D801-4385-AAC7-71BB1408F45F}.Debug|Any CPU.ActiveCfg = Debug|Any CPU
		{ED487E41-D801-4385-AAC7-71BB1408F45F}.Debug|Any CPU.Build.0 = Debug|Any CPU
		{ED487E41-D801-4385-AAC7-71BB1408F45F}.Release|Any CPU.ActiveCfg = Release|Any CPU
		{ED487E41-D801-4385-AAC7-71BB1408F45F}.Release|Any CPU.Build.0 = Release|Any CPU
	EndGlobalSection
	GlobalSection(SolutionProperties) = preSolution
		HideSolutionNode = FALSE
	EndGlobalSection
	GlobalSection(ExtensibilityGlobals) = postSolution
		SolutionGuid = {9E1E1EA7-3858-42EB-9384-B8F185B5D3AB}
	EndGlobalSection
EndGlobal
